{
  "originHash" : "a2c2bd3862a74430ffad8fdacc309c8179e5d69464217f778209455bead5558e",
  "pins" : [
    {
      "identity" : "combinecocoa",
      "kind" : "remoteSourceControl",
      "location" : "https://github.com/CombineCommunity/CombineCocoa.git",
      "state" : {
        "revision" : "7300c75ff9e072aa7fd0fccefcc88f74aae9bf56",
        "version" : "0.4.1"
      }
    },
    {
      "identity" : "player",
      "kind" : "remoteSourceControl",
      "location" : "https://github.com/piemonte/Player",
      "state" : {
        "revision" : "d6a6c266e80f90fa93430371076964c196a1d2ec",
        "version" : "0.14.0"
      }
    },
    {
      "identity" : "snapkit",
      "kind" : "remoteSourceControl",
      "location" : "https://github.com/SnapKit/SnapKit.git",
      "state" : {
        "revision" : "2842e6e84e82eb9a8dac0100ca90d9444b0307f4",
        "version" : "5.7.1"
      }
    }
  ],
  "version" : 3
}
