// !$*UTF8*$!
{
	archiveVersion = 1;
	classes = {
	};
	objectVersion = 56;
	objects = {

/* Begin PBXBuildFile section */
		499B070D2C83065C00C46FDD /* AppDelegate.swift in Sources */ = {isa = PBXBuildFile; fileRef = 499B070C2C83065C00C46FDD /* AppDelegate.swift */; };
		499B070F2C83065C00C46FDD /* SceneDelegate.swift in Sources */ = {isa = PBXBuildFile; fileRef = 499B070E2C83065C00C46FDD /* SceneDelegate.swift */; };
		499B07162C83065E00C46FDD /* Assets.xcassets in Resources */ = {isa = PBXBuildFile; fileRef = 499B07152C83065E00C46FDD /* Assets.xcassets */; };
		499B07192C83065E00C46FDD /* Base in Resources */ = {isa = PBXBuildFile; fileRef = 499B07182C83065E00C46FDD /* Base */; };
		499B07222C8320D200C46FDD /* MainViewController.swift in Sources */ = {isa = PBXBuildFile; fileRef = 499B07212C8320D200C46FDD /* MainViewController.swift */; };
		499B07252C8320F500C46FDD /* MainViewModel.swift in Sources */ = {isa = PBXBuildFile; fileRef = 499B07242C8320F500C46FDD /* MainViewModel.swift */; };
		499B07272C83210800C46FDD /* MainViewNavigator.swift in Sources */ = {isa = PBXBuildFile; fileRef = 499B07262C83210800C46FDD /* MainViewNavigator.swift */; };
		499B072A2C8328A300C46FDD /* SnapKit in Frameworks */ = {isa = PBXBuildFile; productRef = 499B07292C8328A300C46FDD /* SnapKit */; };
		499B072C2C83EC6200C46FDD /* BannerMainCell.swift in Sources */ = {isa = PBXBuildFile; fileRef = 499B072B2C83EC6200C46FDD /* BannerMainCell.swift */; };
		499B072F2C83EE1000C46FDD /* ProductCell.swift in Sources */ = {isa = PBXBuildFile; fileRef = 499B072E2C83EE1000C46FDD /* ProductCell.swift */; };
		499B07322C83F37800C46FDD /* CombineCocoa in Frameworks */ = {isa = PBXBuildFile; productRef = 499B07312C83F37800C46FDD /* CombineCocoa */; };
		499B07342C83F69300C46FDD /* ProductModel.swift in Sources */ = {isa = PBXBuildFile; fileRef = 499B07332C83F69300C46FDD /* ProductModel.swift */; };
		499B07372C83F73400C46FDD /* BannerMainModel.swift in Sources */ = {isa = PBXBuildFile; fileRef = 499B07362C83F73400C46FDD /* BannerMainModel.swift */; };
		499B07392C83F9CC00C46FDD /* MainDataItem.swift in Sources */ = {isa = PBXBuildFile; fileRef = 499B07382C83F9CC00C46FDD /* MainDataItem.swift */; };
		499B073B2C84012100C46FDD /* BannerCell.swift in Sources */ = {isa = PBXBuildFile; fileRef = 499B073A2C84012100C46FDD /* BannerCell.swift */; };
		499B073E2C8402CA00C46FDD /* BannerModel.swift in Sources */ = {isa = PBXBuildFile; fileRef = 499B073D2C8402CA00C46FDD /* BannerModel.swift */; };
		499B07402C84039900C46FDD /* BannerMainCellViewModel.swift in Sources */ = {isa = PBXBuildFile; fileRef = 499B073F2C84039900C46FDD /* BannerMainCellViewModel.swift */; };
		499B07422C840A3B00C46FDD /* Extension+Combine.swift in Sources */ = {isa = PBXBuildFile; fileRef = 499B07412C840A3A00C46FDD /* Extension+Combine.swift */; };
/* End PBXBuildFile section */

/* Begin PBXFileReference section */
		499B07092C83065C00C46FDD /* InfiniteScrollWithAVPlayer.app */ = {isa = PBXFileReference; explicitFileType = wrapper.application; includeInIndex = 0; path = InfiniteScrollWithAVPlayer.app; sourceTree = BUILT_PRODUCTS_DIR; };
		499B070C2C83065C00C46FDD /* AppDelegate.swift */ = {isa = PBXFileReference; lastKnownFileType = sourcecode.swift; path = AppDelegate.swift; sourceTree = "<group>"; };
		499B070E2C83065C00C46FDD /* SceneDelegate.swift */ = {isa = PBXFileReference; lastKnownFileType = sourcecode.swift; path = SceneDelegate.swift; sourceTree = "<group>"; };
		499B07152C83065E00C46FDD /* Assets.xcassets */ = {isa = PBXFileReference; lastKnownFileType = folder.assetcatalog; path = Assets.xcassets; sourceTree = "<group>"; };
		499B07182C83065E00C46FDD /* Base */ = {isa = PBXFileReference; lastKnownFileType = file.storyboard; name = Base; path = Base.lproj/LaunchScreen.storyboard; sourceTree = "<group>"; };
		499B071A2C83065E00C46FDD /* Info.plist */ = {isa = PBXFileReference; lastKnownFileType = text.plist.xml; path = Info.plist; sourceTree = "<group>"; };
		499B07212C8320D200C46FDD /* MainViewController.swift */ = {isa = PBXFileReference; lastKnownFileType = sourcecode.swift; path = MainViewController.swift; sourceTree = "<group>"; };
		499B07242C8320F500C46FDD /* MainViewModel.swift */ = {isa = PBXFileReference; lastKnownFileType = sourcecode.swift; path = MainViewModel.swift; sourceTree = "<group>"; };
		499B07262C83210800C46FDD /* MainViewNavigator.swift */ = {isa = PBXFileReference; lastKnownFileType = sourcecode.swift; path = MainViewNavigator.swift; sourceTree = "<group>"; };
		499B072B2C83EC6200C46FDD /* BannerMainCell.swift */ = {isa = PBXFileReference; lastKnownFileType = sourcecode.swift; path = BannerMainCell.swift; sourceTree = "<group>"; };
		499B072E2C83EE1000C46FDD /* ProductCell.swift */ = {isa = PBXFileReference; lastKnownFileType = sourcecode.swift; path = ProductCell.swift; sourceTree = "<group>"; };
		499B07332C83F69300C46FDD /* ProductModel.swift */ = {isa = PBXFileReference; lastKnownFileType = sourcecode.swift; path = ProductModel.swift; sourceTree = "<group>"; };
		499B07362C83F73400C46FDD /* BannerMainModel.swift */ = {isa = PBXFileReference; lastKnownFileType = sourcecode.swift; path = BannerMainModel.swift; sourceTree = "<group>"; };
		499B07382C83F9CC00C46FDD /* MainDataItem.swift */ = {isa = PBXFileReference; lastKnownFileType = sourcecode.swift; path = MainDataItem.swift; sourceTree = "<group>"; };
		499B073A2C84012100C46FDD /* BannerCell.swift */ = {isa = PBXFileReference; lastKnownFileType = sourcecode.swift; path = BannerCell.swift; sourceTree = "<group>"; };
		499B073D2C8402CA00C46FDD /* BannerModel.swift */ = {isa = PBXFileReference; lastKnownFileType = sourcecode.swift; path = BannerModel.swift; sourceTree = "<group>"; };
		499B073F2C84039900C46FDD /* BannerMainCellViewModel.swift */ = {isa = PBXFileReference; lastKnownFileType = sourcecode.swift; path = BannerMainCellViewModel.swift; sourceTree = "<group>"; };
		499B07412C840A3A00C46FDD /* Extension+Combine.swift */ = {isa = PBXFileReference; lastKnownFileType = sourcecode.swift; path = "Extension+Combine.swift"; sourceTree = "<group>"; };
/* End PBXFileReference section */

/* Begin PBXFrameworksBuildPhase section */
		499B07062C83065C00C46FDD /* Frameworks */ = {
			isa = PBXFrameworksBuildPhase;
			buildActionMask = 2147483647;
			files = (
				499B07322C83F37800C46FDD /* CombineCocoa in Frameworks */,
				499B072A2C8328A300C46FDD /* SnapKit in Frameworks */,
			);
			runOnlyForDeploymentPostprocessing = 0;
		};
/* End PBXFrameworksBuildPhase section */

/* Begin PBXGroup section */
		499B07002C83065C00C46FDD = {
			isa = PBXGroup;
			children = (
				499B070B2C83065C00C46FDD /* InfiniteScrollWithAVPlayer */,
				499B070A2C83065C00C46FDD /* Products */,
			);
			sourceTree = "<group>";
		};
		499B070A2C83065C00C46FDD /* Products */ = {
			isa = PBXGroup;
			children = (
				499B07092C83065C00C46FDD /* InfiniteScrollWithAVPlayer.app */,
			);
			name = Products;
			sourceTree = "<group>";
		};
		499B070B2C83065C00C46FDD /* InfiniteScrollWithAVPlayer */ = {
			isa = PBXGroup;
			children = (
				499B07202C83066400C46FDD /* Delegate */,
				499B07152C83065E00C46FDD /* Assets.xcassets */,
				499B07172C83065E00C46FDD /* LaunchScreen.storyboard */,
				499B071A2C83065E00C46FDD /* Info.plist */,
				499B07232C8320EB00C46FDD /* Scene */,
				499B07412C840A3A00C46FDD /* Extension+Combine.swift */,
			);
			path = InfiniteScrollWithAVPlayer;
			sourceTree = "<group>";
		};
		499B07202C83066400C46FDD /* Delegate */ = {
			isa = PBXGroup;
			children = (
				499B070C2C83065C00C46FDD /* AppDelegate.swift */,
				499B070E2C83065C00C46FDD /* SceneDelegate.swift */,
			);
			path = Delegate;
			sourceTree = "<group>";
		};
		499B07232C8320EB00C46FDD /* Scene */ = {
			isa = PBXGroup;
			children = (
				499B07352C83F72B00C46FDD /* Model */,
				499B07212C8320D200C46FDD /* MainViewController.swift */,
				499B07242C8320F500C46FDD /* MainViewModel.swift */,
				499B07262C83210800C46FDD /* MainViewNavigator.swift */,
				499B072D2C83EE0800C46FDD /* Cell */,
			);
			path = Scene;
			sourceTree = "<group>";
		};
		499B072D2C83EE0800C46FDD /* Cell */ = {
			isa = PBXGroup;
			children = (
				499B073C2C84019900C46FDD /* Banner */,
				499B072E2C83EE1000C46FDD /* ProductCell.swift */,
			);
			path = Cell;
			sourceTree = "<group>";
		};
		499B07352C83F72B00C46FDD /* Model */ = {
			isa = PBXGroup;
			children = (
				499B07332C83F69300C46FDD /* ProductModel.swift */,
				499B07362C83F73400C46FDD /* BannerMainModel.swift */,
				499B07382C83F9CC00C46FDD /* MainDataItem.swift */,
				499B073D2C8402CA00C46FDD /* BannerModel.swift */,
			);
			path = Model;
			sourceTree = "<group>";
		};
		499B073C2C84019900C46FDD /* Banner */ = {
			isa = PBXGroup;
			children = (
				499B072B2C83EC6200C46FDD /* BannerMainCell.swift */,
				499B073F2C84039900C46FDD /* BannerMainCellViewModel.swift */,
				499B073A2C84012100C46FDD /* BannerCell.swift */,
			);
			path = Banner;
			sourceTree = "<group>";
		};
/* End PBXGroup section */

/* Begin PBXNativeTarget section */
		499B07082C83065C00C46FDD /* InfiniteScrollWithAVPlayer */ = {
			isa = PBXNativeTarget;
			buildConfigurationList = 499B071D2C83065E00C46FDD /* Build configuration list for PBXNativeTarget "InfiniteScrollWithAVPlayer" */;
			buildPhases = (
				499B07052C83065C00C46FDD /* Sources */,
				499B07062C83065C00C46FDD /* Frameworks */,
				499B07072C83065C00C46FDD /* Resources */,
			);
			buildRules = (
			);
			dependencies = (
			);
			name = InfiniteScrollWithAVPlayer;
			packageProductDependencies = (
				499B07292C8328A300C46FDD /* SnapKit */,
				499B07312C83F37800C46FDD /* CombineCocoa */,
			);
			productName = InfiniteScrollWithAVPlayer;
			productReference = 499B07092C83065C00C46FDD /* InfiniteScrollWithAVPlayer.app */;
			productType = "com.apple.product-type.application";
		};
/* End PBXNativeTarget section */

/* Begin PBXProject section */
		499B07012C83065C00C46FDD /* Project object */ = {
			isa = PBXProject;
			attributes = {
				BuildIndependentTargetsInParallel = 1;
				LastSwiftUpdateCheck = 1540;
				LastUpgradeCheck = 1540;
				TargetAttributes = {
					499B07082C83065C00C46FDD = {
						CreatedOnToolsVersion = 15.4;
					};
				};
			};
			buildConfigurationList = 499B07042C83065C00C46FDD /* Build configuration list for PBXProject "InfiniteScrollWithAVPlayer" */;
			compatibilityVersion = "Xcode 14.0";
			developmentRegion = en;
			hasScannedForEncodings = 0;
			knownRegions = (
				en,
				Base,
			);
			mainGroup = 499B07002C83065C00C46FDD;
			packageReferences = (
				499B07282C8328A300C46FDD /* XCRemoteSwiftPackageReference "SnapKit" */,
				499B07302C83F37800C46FDD /* XCRemoteSwiftPackageReference "CombineCocoa" */,
			);
			productRefGroup = 499B070A2C83065C00C46FDD /* Products */;
			projectDirPath = "";
			projectRoot = "";
			targets = (
				499B07082C83065C00C46FDD /* InfiniteScrollWithAVPlayer */,
			);
		};
/* End PBXProject section */

/* Begin PBXResourcesBuildPhase section */
		499B07072C83065C00C46FDD /* Resources */ = {
			isa = PBXResourcesBuildPhase;
			buildActionMask = 2147483647;
			files = (
				499B07162C83065E00C46FDD /* Assets.xcassets in Resources */,
				499B07192C83065E00C46FDD /* Base in Resources */,
			);
			runOnlyForDeploymentPostprocessing = 0;
		};
/* End PBXResourcesBuildPhase section */

/* Begin PBXSourcesBuildPhase section */
		499B07052C83065C00C46FDD /* Sources */ = {
			isa = PBXSourcesBuildPhase;
			buildActionMask = 2147483647;
			files = (
				499B072C2C83EC6200C46FDD /* BannerMainCell.swift in Sources */,
				499B07222C8320D200C46FDD /* MainViewController.swift in Sources */,
				499B070D2C83065C00C46FDD /* AppDelegate.swift in Sources */,
				499B07422C840A3B00C46FDD /* Extension+Combine.swift in Sources */,
				499B073E2C8402CA00C46FDD /* BannerModel.swift in Sources */,
				499B07272C83210800C46FDD /* MainViewNavigator.swift in Sources */,
				499B070F2C83065C00C46FDD /* SceneDelegate.swift in Sources */,
				499B072F2C83EE1000C46FDD /* ProductCell.swift in Sources */,
				499B07402C84039900C46FDD /* BannerMainCellViewModel.swift in Sources */,
				499B07252C8320F500C46FDD /* MainViewModel.swift in Sources */,
				499B07372C83F73400C46FDD /* BannerMainModel.swift in Sources */,
				499B07342C83F69300C46FDD /* ProductModel.swift in Sources */,
				499B07392C83F9CC00C46FDD /* MainDataItem.swift in Sources */,
				499B073B2C84012100C46FDD /* BannerCell.swift in Sources */,
			);
			runOnlyForDeploymentPostprocessing = 0;
		};
/* End PBXSourcesBuildPhase section */

/* Begin PBXVariantGroup section */
		499B07172C83065E00C46FDD /* LaunchScreen.storyboard */ = {
			isa = PBXVariantGroup;
			children = (
				499B07182C83065E00C46FDD /* Base */,
			);
			name = LaunchScreen.storyboard;
			sourceTree = "<group>";
		};
/* End PBXVariantGroup section */

/* Begin XCBuildConfiguration section */
		499B071B2C83065E00C46FDD /* Debug */ = {
			isa = XCBuildConfiguration;
			buildSettings = {
				ALWAYS_SEARCH_USER_PATHS = NO;
				ASSETCATALOG_COMPILER_GENERATE_SWIFT_ASSET_SYMBOL_EXTENSIONS = YES;
				CLANG_ANALYZER_NONNULL = YES;
				CLANG_ANALYZER_NUMBER_OBJECT_CONVERSION = YES_AGGRESSIVE;
				CLANG_CXX_LANGUAGE_STANDARD = "gnu++20";
				CLANG_ENABLE_MODULES = YES;
				CLANG_ENABLE_OBJC_ARC = YES;
				CLANG_ENABLE_OBJC_WEAK = YES;
				CLANG_WARN_BLOCK_CAPTURE_AUTORELEASING = YES;
				CLANG_WARN_BOOL_CONVERSION = YES;
				CLANG_WARN_COMMA = YES;
				CLANG_WARN_CONSTANT_CONVERSION = YES;
				CLANG_WARN_DEPRECATED_OBJC_IMPLEMENTATIONS = YES;
				CLANG_WARN_DIRECT_OBJC_ISA_USAGE = YES_ERROR;
				CLANG_WARN_DOCUMENTATION_COMMENTS = YES;
				CLANG_WARN_EMPTY_BODY = YES;
				CLANG_WARN_ENUM_CONVERSION = YES;
				CLANG_WARN_INFINITE_RECURSION = YES;
				CLANG_WARN_INT_CONVERSION = YES;
				CLANG_WARN_NON_LITERAL_NULL_CONVERSION = YES;
				CLANG_WARN_OBJC_IMPLICIT_RETAIN_SELF = YES;
				CLANG_WARN_OBJC_LITERAL_CONVERSION = YES;
				CLANG_WARN_OBJC_ROOT_CLASS = YES_ERROR;
				CLANG_WARN_QUOTED_INCLUDE_IN_FRAMEWORK_HEADER = YES;
				CLANG_WARN_RANGE_LOOP_ANALYSIS = YES;
				CLANG_WARN_STRICT_PROTOTYPES = YES;
				CLANG_WARN_SUSPICIOUS_MOVE = YES;
				CLANG_WARN_UNGUARDED_AVAILABILITY = YES_AGGRESSIVE;
				CLANG_WARN_UNREACHABLE_CODE = YES;
				CLANG_WARN__DUPLICATE_METHOD_MATCH = YES;
				COPY_PHASE_STRIP = NO;
				DEBUG_INFORMATION_FORMAT = dwarf;
				ENABLE_STRICT_OBJC_MSGSEND = YES;
				ENABLE_TESTABILITY = YES;
				ENABLE_USER_SCRIPT_SANDBOXING = YES;
				GCC_C_LANGUAGE_STANDARD = gnu17;
				GCC_DYNAMIC_NO_PIC = NO;
				GCC_NO_COMMON_BLOCKS = YES;
				GCC_OPTIMIZATION_LEVEL = 0;
				GCC_PREPROCESSOR_DEFINITIONS = (
					"DEBUG=1",
					"$(inherited)",
				);
				GCC_WARN_64_TO_32_BIT_CONVERSION = YES;
				GCC_WARN_ABOUT_RETURN_TYPE = YES_ERROR;
				GCC_WARN_UNDECLARED_SELECTOR = YES;
				GCC_WARN_UNINITIALIZED_AUTOS = YES_AGGRESSIVE;
				GCC_WARN_UNUSED_FUNCTION = YES;
				GCC_WARN_UNUSED_VARIABLE = YES;
				IPHONEOS_DEPLOYMENT_TARGET = 15.0;
				LOCALIZATION_PREFERS_STRING_CATALOGS = YES;
				MTL_ENABLE_DEBUG_INFO = INCLUDE_SOURCE;
				MTL_FAST_MATH = YES;
				ONLY_ACTIVE_ARCH = YES;
				SDKROOT = iphoneos;
				SWIFT_ACTIVE_COMPILATION_CONDITIONS = "DEBUG $(inherited)";
				SWIFT_OPTIMIZATION_LEVEL = "-Onone";
			};
			name = Debug;
		};
		499B071C2C83065E00C46FDD /* Release */ = {
			isa = XCBuildConfiguration;
			buildSettings = {
				ALWAYS_SEARCH_USER_PATHS = NO;
				ASSETCATALOG_COMPILER_GENERATE_SWIFT_ASSET_SYMBOL_EXTENSIONS = YES;
				CLANG_ANALYZER_NONNULL = YES;
				CLANG_ANALYZER_NUMBER_OBJECT_CONVERSION = YES_AGGRESSIVE;
				CLANG_CXX_LANGUAGE_STANDARD = "gnu++20";
				CLANG_ENABLE_MODULES = YES;
				CLANG_ENABLE_OBJC_ARC = YES;
				CLANG_ENABLE_OBJC_WEAK = YES;
				CLANG_WARN_BLOCK_CAPTURE_AUTORELEASING = YES;
				CLANG_WARN_BOOL_CONVERSION = YES;
				CLANG_WARN_COMMA = YES;
				CLANG_WARN_CONSTANT_CONVERSION = YES;
				CLANG_WARN_DEPRECATED_OBJC_IMPLEMENTATIONS = YES;
				CLANG_WARN_DIRECT_OBJC_ISA_USAGE = YES_ERROR;
				CLANG_WARN_DOCUMENTATION_COMMENTS = YES;
				CLANG_WARN_EMPTY_BODY = YES;
				CLANG_WARN_ENUM_CONVERSION = YES;
				CLANG_WARN_INFINITE_RECURSION = YES;
				CLANG_WARN_INT_CONVERSION = YES;
				CLANG_WARN_NON_LITERAL_NULL_CONVERSION = YES;
				CLANG_WARN_OBJC_IMPLICIT_RETAIN_SELF = YES;
				CLANG_WARN_OBJC_LITERAL_CONVERSION = YES;
				CLANG_WARN_OBJC_ROOT_CLASS = YES_ERROR;
				CLANG_WARN_QUOTED_INCLUDE_IN_FRAMEWORK_HEADER = YES;
				CLANG_WARN_RANGE_LOOP_ANALYSIS = YES;
				CLANG_WARN_STRICT_PROTOTYPES = YES;
				CLANG_WARN_SUSPICIOUS_MOVE = YES;
				CLANG_WARN_UNGUARDED_AVAILABILITY = YES_AGGRESSIVE;
				CLANG_WARN_UNREACHABLE_CODE = YES;
				CLANG_WARN__DUPLICATE_METHOD_MATCH = YES;
				COPY_PHASE_STRIP = NO;
				DEBUG_INFORMATION_FORMAT = "dwarf-with-dsym";
				ENABLE_NS_ASSERTIONS = NO;
				ENABLE_STRICT_OBJC_MSGSEND = YES;
				ENABLE_USER_SCRIPT_SANDBOXING = YES;
				GCC_C_LANGUAGE_STANDARD = gnu17;
				GCC_NO_COMMON_BLOCKS = YES;
				GCC_WARN_64_TO_32_BIT_CONVERSION = YES;
				GCC_WARN_ABOUT_RETURN_TYPE = YES_ERROR;
				GCC_WARN_UNDECLARED_SELECTOR = YES;
				GCC_WARN_UNINITIALIZED_AUTOS = YES_AGGRESSIVE;
				GCC_WARN_UNUSED_FUNCTION = YES;
				GCC_WARN_UNUSED_VARIABLE = YES;
				IPHONEOS_DEPLOYMENT_TARGET = 15.0;
				LOCALIZATION_PREFERS_STRING_CATALOGS = YES;
				MTL_ENABLE_DEBUG_INFO = NO;
				MTL_FAST_MATH = YES;
				SDKROOT = iphoneos;
				SWIFT_COMPILATION_MODE = wholemodule;
				VALIDATE_PRODUCT = YES;
			};
			name = Release;
		};
		499B071E2C83065E00C46FDD /* Debug */ = {
			isa = XCBuildConfiguration;
			buildSettings = {
				ASSETCATALOG_COMPILER_APPICON_NAME = AppIcon;
				ASSETCATALOG_COMPILER_GLOBAL_ACCENT_COLOR_NAME = AccentColor;
				CODE_SIGN_STYLE = Automatic;
				CURRENT_PROJECT_VERSION = 1;
				DEVELOPMENT_TEAM = R6V3UCSNG3;
				GENERATE_INFOPLIST_FILE = YES;
				INFOPLIST_FILE = InfiniteScrollWithAVPlayer/Info.plist;
				INFOPLIST_KEY_UIApplicationSupportsIndirectInputEvents = YES;
				INFOPLIST_KEY_UILaunchStoryboardName = LaunchScreen;
				INFOPLIST_KEY_UIMainStoryboardFile = "";
				INFOPLIST_KEY_UISupportedInterfaceOrientations_iPad = "UIInterfaceOrientationPortrait UIInterfaceOrientationPortraitUpsideDown UIInterfaceOrientationLandscapeLeft UIInterfaceOrientationLandscapeRight";
				INFOPLIST_KEY_UISupportedInterfaceOrientations_iPhone = "UIInterfaceOrientationPortrait UIInterfaceOrientationLandscapeLeft UIInterfaceOrientationLandscapeRight";
				LD_RUNPATH_SEARCH_PATHS = (
					"$(inherited)",
					"@executable_path/Frameworks",
				);
				MARKETING_VERSION = 1.0;
				PRODUCT_BUNDLE_IDENTIFIER = com.ycompany.InfiniteScrollWithAVPlayer;
				PRODUCT_NAME = "$(TARGET_NAME)";
				SWIFT_EMIT_LOC_STRINGS = YES;
				SWIFT_VERSION = 5.0;
				TARGETED_DEVICE_FAMILY = "1,2";
			};
			name = Debug;
		};
		499B071F2C83065E00C46FDD /* Release */ = {
			isa = XCBuildConfiguration;
			buildSettings = {
				ASSETCATALOG_COMPILER_APPICON_NAME = AppIcon;
				ASSETCATALOG_COMPILER_GLOBAL_ACCENT_COLOR_NAME = AccentColor;
				CODE_SIGN_STYLE = Automatic;
				CURRENT_PROJECT_VERSION = 1;
				DEVELOPMENT_TEAM = R6V3UCSNG3;
				GENERATE_INFOPLIST_FILE = YES;
				INFOPLIST_FILE = InfiniteScrollWithAVPlayer/Info.plist;
				INFOPLIST_KEY_UIApplicationSupportsIndirectInputEvents = YES;
				INFOPLIST_KEY_UILaunchStoryboardName = LaunchScreen;
				INFOPLIST_KEY_UIMainStoryboardFile = "";
				INFOPLIST_KEY_UISupportedInterfaceOrientations_iPad = "UIInterfaceOrientationPortrait UIInterfaceOrientationPortraitUpsideDown UIInterfaceOrientationLandscapeLeft UIInterfaceOrientationLandscapeRight";
				INFOPLIST_KEY_UISupportedInterfaceOrientations_iPhone = "UIInterfaceOrientationPortrait UIInterfaceOrientationLandscapeLeft UIInterfaceOrientationLandscapeRight";
				LD_RUNPATH_SEARCH_PATHS = (
					"$(inherited)",
					"@executable_path/Frameworks",
				);
				MARKETING_VERSION = 1.0;
				PRODUCT_BUNDLE_IDENTIFIER = com.ycompany.InfiniteScrollWithAVPlayer;
				PRODUCT_NAME = "$(TARGET_NAME)";
				SWIFT_EMIT_LOC_STRINGS = YES;
				SWIFT_VERSION = 5.0;
				TARGETED_DEVICE_FAMILY = "1,2";
			};
			name = Release;
		};
/* End XCBuildConfiguration section */

/* Begin XCConfigurationList section */
		499B07042C83065C00C46FDD /* Build configuration list for PBXProject "InfiniteScrollWithAVPlayer" */ = {
			isa = XCConfigurationList;
			buildConfigurations = (
				499B071B2C83065E00C46FDD /* Debug */,
				499B071C2C83065E00C46FDD /* Release */,
			);
			defaultConfigurationIsVisible = 0;
			defaultConfigurationName = Release;
		};
		499B071D2C83065E00C46FDD /* Build configuration list for PBXNativeTarget "InfiniteScrollWithAVPlayer" */ = {
			isa = XCConfigurationList;
			buildConfigurations = (
				499B071E2C83065E00C46FDD /* Debug */,
				499B071F2C83065E00C46FDD /* Release */,
			);
			defaultConfigurationIsVisible = 0;
			defaultConfigurationName = Release;
		};
/* End XCConfigurationList section */

/* Begin XCRemoteSwiftPackageReference section */
		499B07282C8328A300C46FDD /* XCRemoteSwiftPackageReference "SnapKit" */ = {
			isa = XCRemoteSwiftPackageReference;
			repositoryURL = "https://github.com/SnapKit/SnapKit.git";
			requirement = {
				kind = upToNextMajorVersion;
				minimumVersion = 5.7.1;
			};
		};
		499B07302C83F37800C46FDD /* XCRemoteSwiftPackageReference "CombineCocoa" */ = {
			isa = XCRemoteSwiftPackageReference;
			repositoryURL = "https://github.com/CombineCommunity/CombineCocoa.git";
			requirement = {
				kind = upToNextMajorVersion;
				minimumVersion = 0.4.1;
			};
		};
/* End XCRemoteSwiftPackageReference section */

/* Begin XCSwiftPackageProductDependency section */
		499B07292C8328A300C46FDD /* SnapKit */ = {
			isa = XCSwiftPackageProductDependency;
			package = 499B07282C8328A300C46FDD /* XCRemoteSwiftPackageReference "SnapKit" */;
			productName = SnapKit;
		};
		499B07312C83F37800C46FDD /* CombineCocoa */ = {
			isa = XCSwiftPackageProductDependency;
			package = 499B07302C83F37800C46FDD /* XCRemoteSwiftPackageReference "CombineCocoa" */;
			productName = CombineCocoa;
		};
/* End XCSwiftPackageProductDependency section */
	};
	rootObject = 499B07012C83065C00C46FDD /* Project object */;
}
